{
  "name": "node",
  "version": "1.0.0",
  "lockfileVersion": 3,
  "requires": true,
  "packages": {
    "": {
      "name": "node",
      "version": "1.0.0",
      "license": "ISC",
      "dependencies": {
        "@sentry/node": "^7.57.0"
      }
    },
    "node_modules/@sentry-internal/tracing": {
      "version": "7.57.0",
      "resolved": "https://registry.npmjs.org/@sentry-internal/tracing/-/tracing-7.57.0.tgz",
      "integrity": "sha512-tpViyDd8AhQGYYhI94xi2aaDopXOPfL2Apwrtb3qirWkomIQ2K86W1mPmkce+B0cFOnW2Dxv/ZTFKz6ghjK75A==",
      "dependencies": {
        "@sentry/core": "7.57.0",
        "@sentry/types": "7.57.0",
        "@sentry/utils": "7.57.0",
        "tslib": "^2.4.1 || ^1.9.3"
      },
      "engines": {
        "node": ">=8"
      }
    },
    "node_modules/@sentry/core": {
      "version": "7.57.0",
      "resolved": "https://registry.npmjs.org/@sentry/core/-/core-7.57.0.tgz",
      "integrity": "sha512-l014NudPH0vQlzybtXajPxYFfs9w762NoarjObC3gu76D1jzBBFzhdRelkGpDbSLNTIsKhEDDRpgAjBWJ9icfw==",
      "dependencies": {
        "@sentry/types": "7.57.0",
        "@sentry/utils": "7.57.0",
        "tslib": "^2.4.1 || ^1.9.3"
      },
      "engines": {
        "node": ">=8"
      }
    },
    "node_modules/@sentry/node": {
      "version": "7.57.0",
      "resolved": "https://registry.npmjs.org/@sentry/node/-/node-7.57.0.tgz",
      "integrity": "sha512-63mjyUVM6sfJFVQ5TGVRVGUsoEfESl5ABzIW1W0s9gUiQPaG8SOdaQJglb2VNrkMYxnRHgD8Q9LUh/qcmUyPGw==",
      "dependencies": {
        "@sentry-internal/tracing": "7.57.0",
        "@sentry/core": "7.57.0",
        "@sentry/types": "7.57.0",
        "@sentry/utils": "7.57.0",
        "cookie": "^0.4.1",
        "https-proxy-agent": "^5.0.0",
        "lru_map": "^0.3.3",
        "tslib": "^2.4.1 || ^1.9.3"
      },
      "engines": {
        "node": ">=8"
      }
    },
    "node_modules/@sentry/types": {
      "version": "7.57.0",
      "resolved": "https://registry.npmjs.org/@sentry/types/-/types-7.57.0.tgz",
      "integrity": "sha512-D7ifoUfxuVCUyktIr5Gc+jXUbtcUMmfHdTtTbf1XCZHua5mJceK9wtl3YCg3eq/HK2Ppd52BKnTzEcS5ZKQM+w==",
      "engines": {
        "node": ">=8"
      }
    },
    "node_modules/@sentry/utils": {
      "version": "7.57.0",
      "resolved": "https://registry.npmjs.org/@sentry/utils/-/utils-7.57.0.tgz",
      "integrity": "sha512-YXrkMCiNklqkXctn4mKYkrzNCf/dfVcRUQrkXjeBC+PHXbcpPyaJgInNvztR7Skl8lE3JPGPN4v5XhLxK1bUUg==",
      "dependencies": {
        "@sentry/types": "7.57.0",
        "tslib": "^2.4.1 || ^1.9.3"
      },
      "engines": {
        "node": ">=8"
      }
    },
    "node_modules/agent-base": {
      "version": "6.0.2",
      "resolved": "https://registry.npmjs.org/agent-base/-/agent-base-6.0.2.tgz",
      "integrity": "sha512-RZNwNclF7+MS/8bDg70amg32dyeZGZxiDuQmZxKLAlQjr3jGyLx+4Kkk58UO7D2QdgFIQCovuSuZESne6RG6XQ==",
      "dependencies": {
        "debug": "4"
      },
      "engines": {
        "node": ">= 6.0.0"
      }
    },
    "node_modules/cookie": {
      "version": "0.4.2",
      "resolved": "https://registry.npmjs.org/cookie/-/cookie-0.4.2.tgz",
      "integrity": "sha512-aSWTXFzaKWkvHO1Ny/s+ePFpvKsPnjc551iI41v3ny/ow6tBG5Vd+FuqGNhh1LxOmVzOlGUriIlOaokOvhaStA==",
      "engines": {
        "node": ">= 0.6"
      }
    },
    "node_modules/debug": {
      "version": "4.3.4",
      "resolved": "https://registry.npmjs.org/debug/-/debug-4.3.4.tgz",
      "integrity": "sha512-PRWFHuSU3eDtQJPvnNY7Jcket1j0t5OuOsFzPPzsekD52Zl8qUfFIPEiswXqIvHWGVHOgX+7G/vCNNhehwxfkQ==",
      "dependencies": {
        "ms": "2.1.2"
      },
      "engines": {
        "node": ">=6.0"
      },
      "peerDependenciesMeta": {
        "supports-color": {
          "optional": true
        }
      }
    },
    "node_modules/https-proxy-agent": {
      "version": "5.0.1",
      "resolved": "https://registry.npmjs.org/https-proxy-agent/-/https-proxy-agent-5.0.1.tgz",
      "integrity": "sha512-dFcAjpTQFgoLMzC2VwU+C/CbS7uRL0lWmxDITmqm7C+7F0Odmj6s9l6alZc6AELXhrnggM2CeWSXHGOdX2YtwA==",
      "dependencies": {
        "agent-base": "6",
        "debug": "4"
      },
      "engines": {
        "node": ">= 6"
      }
    },
    "node_modules/lru_map": {
      "version": "0.3.3",
      "resolved": "https://registry.npmjs.org/lru_map/-/lru_map-0.3.3.tgz",
      "integrity": "sha512-Pn9cox5CsMYngeDbmChANltQl+5pi6XmTrraMSzhPmMBbmgcxmqWry0U3PGapCU1yB4/LqCcom7qhHZiF/jGfQ=="
    },
    "node_modules/ms": {
      "version": "2.1.2",
      "resolved": "https://registry.npmjs.org/ms/-/ms-2.1.2.tgz",
      "integrity": "sha512-sGkPx+VjMtmA6MX27oA4FBFELFCZZ4S4XqeGOXCv68tT+jb3vk/RyaKWP0PTKyWtmLSM0b+adUTEvbs1PEaH2w=="
    },
    "node_modules/tslib": {
      "version": "2.6.0",
      "resolved": "https://registry.npmjs.org/tslib/-/tslib-2.6.0.tgz",
      "integrity": "sha512-7At1WUettjcSRHXCyYtTselblcHl9PJFFVKiCAy/bY97+BPZXSQ2wbq0P9s8tK2G7dFQfNnlJnPAiArVBVBsfA=="
    }
  }
}
