# THIS IS AN AUTOGENERATED FILE. DO NOT EDIT THIS FILE DIRECTLY.
# yarn lockfile v1


hash-base@^2.0.0:
  version "2.0.2"
  resolved "https://registry.yarnpkg.com/hash-base/-/hash-base-2.0.2.tgz#66ea1d856db4e8a5470cadf6fce23ae5244ef2e1"
  dependencies:
    inherits "^2.0.1"

inherits@^2.0.1:
  version "2.0.3"
  resolved "https://registry.yarnpkg.com/inherits/-/inherits-2.0.3.tgz#633c2c83e3da42a502f52466022480f4208261de"

ripemd160@^2.0.1:
  version "2.0.1"
  resolved "https://registry.yarnpkg.com/ripemd160/-/ripemd160-2.0.1.tgz#0f4584295c53a3628af7e6d79aca21ce57d1c6e7"
  dependencies:
    hash-base "^2.0.0"
    inherits "^2.0.1"

tweetnacl@^1.0.0:
  version "1.0.0"
  resolved "https://registry.yarnpkg.com/tweetnacl/-/tweetnacl-1.0.0.tgz#713d8b818da42068740bf68386d0479e66fc8a7b"
