GEM
  remote: https://rubygems.org/
  specs:
    backports (3.7.0)
    multi_json (1.12.1)
    rack (1.6.5)
    rack-protection (1.5.3)
      rack
    rack-test (0.6.3)
      rack (>= 1.0)
    sinatra (1.4.8)
      rack (~> 1.5)
      rack-protection (~> 1.4)
      tilt (>= 1.3, < 3)
    sinatra-contrib (1.4.7)
      backports (>= 2.0)
      multi_json
      rack-protection
      rack-test
      sinatra (~> 1.4.0)
      tilt (>= 1.3, < 3)
    sinatra-cross_origin (0.3.2)
    tilt (2.0.7)

PLATFORMS
  ruby

DEPENDENCIES
  sinatra
  sinatra-contrib
  sinatra-cross_origin (~> 0.3.1)

BUNDLED WITH
   1.14.6
